// !$*UTF8*$!
{
	archiveVersion = 1;
	classes = {
	};
	objectVersion = 54;
	objects = {

/* Begin PBXBuildFile section */
		80796D371D35C0FA00A728B3 /* AppDelegate.swift in Sources */ = {isa = PBXBuildFile; fileRef = 80796D361D35C0FA00A728B3 /* AppDelegate.swift */; };
		80796D391D35C0FA00A728B3 /* ViewController.swift in Sources */ = {isa = PBXBuildFile; fileRef = 80796D381D35C0FA00A728B3 /* ViewController.swift */; };
		80796D3C1D35C0FA00A728B3 /* Main.storyboard in Resources */ = {isa = PBXBuildFile; fileRef = 80796D3A1D35C0FA00A728B3 /* Main.storyboard */; };
		80796D3E1D35C0FA00A728B3 /* Assets.xcassets in Resources */ = {isa = PBXBuildFile; fileRef = 80796D3D1D35C0FA00A728B3 /* Assets.xcassets */; };
		80796D411D35C0FA00A728B3 /* LaunchScreen.storyboard in Resources */ = {isa = PBXBuildFile; fileRef = 80796D3F1D35C0FA00A728B3 /* LaunchScreen.storyboard */; };
		80796D641D35C17A00A728B3 /* jsEval.swift in Sources */ = {isa = PBXBuildFile; fileRef = 80796D621D35C17A00A728B3 /* jsEval.swift */; };
		80CD6E6F215C519B00AEF615 /* LISP.swift in Sources */ = {isa = PBXBuildFile; fileRef = 80CD6E6E215C519B00AEF615 /* LISP.swift */; };
		80DAE1E22173F5580008A12F /* BuiltInFunctions.swift in Sources */ = {isa = PBXBuildFile; fileRef = 80DAE1E12173F5580008A12F /* BuiltInFunctions.swift */; };
		80F86CAF1D368E2E0094D4B3 /* SFMono-Bold.otf in Resources */ = {isa = PBXBuildFile; fileRef = 80F86CA21D368E2E0094D4B3 /* SFMono-Bold.otf */; };
		80F86CB11D368E2E0094D4B3 /* SFMono-BoldItalic.otf in Resources */ = {isa = PBXBuildFile; fileRef = 80F86CA31D368E2E0094D4B3 /* SFMono-BoldItalic.otf */; };
		80F86CB31D368E2E0094D4B3 /* SFMono-Heavy.otf in Resources */ = {isa = PBXBuildFile; fileRef = 80F86CA41D368E2E0094D4B3 /* SFMono-Heavy.otf */; };
		80F86CB51D368E2E0094D4B3 /* SFMono-HeavyItalic.otf in Resources */ = {isa = PBXBuildFile; fileRef = 80F86CA51D368E2E0094D4B3 /* SFMono-HeavyItalic.otf */; };
		80F86CB71D368E2E0094D4B3 /* SFMono-Light.otf in Resources */ = {isa = PBXBuildFile; fileRef = 80F86CA61D368E2E0094D4B3 /* SFMono-Light.otf */; };
		80F86CB91D368E2E0094D4B3 /* SFMono-LightItalic.otf in Resources */ = {isa = PBXBuildFile; fileRef = 80F86CA71D368E2E0094D4B3 /* SFMono-LightItalic.otf */; };
		80F86CBB1D368E2E0094D4B3 /* SFMono-Medium.otf in Resources */ = {isa = PBXBuildFile; fileRef = 80F86CA81D368E2E0094D4B3 /* SFMono-Medium.otf */; };
		80F86CBD1D368E2E0094D4B3 /* SFMono-MediumItalic.otf in Resources */ = {isa = PBXBuildFile; fileRef = 80F86CA91D368E2E0094D4B3 /* SFMono-MediumItalic.otf */; };
		80F86CBF1D368E2E0094D4B3 /* SFMono-Regular.otf in Resources */ = {isa = PBXBuildFile; fileRef = 80F86CAA1D368E2E0094D4B3 /* SFMono-Regular.otf */; };
		80F86CC11D368E2E0094D4B3 /* SFMono-RegularItalic.otf in Resources */ = {isa = PBXBuildFile; fileRef = 80F86CAB1D368E2E0094D4B3 /* SFMono-RegularItalic.otf */; };
		80F86CC31D368E2E0094D4B3 /* SFMono-Semibold.otf in Resources */ = {isa = PBXBuildFile; fileRef = 80F86CAC1D368E2E0094D4B3 /* SFMono-Semibold.otf */; };
		80F86CC51D368E2E0094D4B3 /* SFMono-SemiboldItalic.otf in Resources */ = {isa = PBXBuildFile; fileRef = 80F86CAD1D368E2E0094D4B3 /* SFMono-SemiboldItalic.otf */; };
/* End PBXBuildFile section */

/* Begin PBXFileReference section */
		80796D341D35C0FA00A728B3 /* Script.app */ = {isa = PBXFileReference; explicitFileType = wrapper.application; includeInIndex = 0; path = Script.app; sourceTree = BUILT_PRODUCTS_DIR; };
		80796D361D35C0FA00A728B3 /* AppDelegate.swift */ = {isa = PBXFileReference; lastKnownFileType = sourcecode.swift; path = AppDelegate.swift; sourceTree = "<group>"; };
		80796D381D35C0FA00A728B3 /* ViewController.swift */ = {isa = PBXFileReference; lastKnownFileType = sourcecode.swift; path = ViewController.swift; sourceTree = "<group>"; };
		80796D3B1D35C0FA00A728B3 /* Base */ = {isa = PBXFileReference; lastKnownFileType = file.storyboard; name = Base; path = Base.lproj/Main.storyboard; sourceTree = "<group>"; };
		80796D3D1D35C0FA00A728B3 /* Assets.xcassets */ = {isa = PBXFileReference; lastKnownFileType = folder.assetcatalog; path = Assets.xcassets; sourceTree = "<group>"; };
		80796D401D35C0FA00A728B3 /* Base */ = {isa = PBXFileReference; lastKnownFileType = file.storyboard; name = Base; path = Base.lproj/LaunchScreen.storyboard; sourceTree = "<group>"; };
		80796D421D35C0FA00A728B3 /* Info.plist */ = {isa = PBXFileReference; lastKnownFileType = text.plist.xml; path = Info.plist; sourceTree = "<group>"; };
		80796D621D35C17A00A728B3 /* jsEval.swift */ = {isa = PBXFileReference; fileEncoding = 4; lastKnownFileType = sourcecode.swift; path = jsEval.swift; sourceTree = SOURCE_ROOT; };
		80CD6E6E215C519B00AEF615 /* LISP.swift */ = {isa = PBXFileReference; fileEncoding = 4; lastKnownFileType = sourcecode.swift; path = LISP.swift; sourceTree = "<group>"; };
		80DAE1E12173F5580008A12F /* BuiltInFunctions.swift */ = {isa = PBXFileReference; lastKnownFileType = sourcecode.swift; path = BuiltInFunctions.swift; sourceTree = "<group>"; };
		80F86CA21D368E2E0094D4B3 /* SFMono-Bold.otf */ = {isa = PBXFileReference; lastKnownFileType = file; path = "SFMono-Bold.otf"; sourceTree = "<group>"; };
		80F86CA31D368E2E0094D4B3 /* SFMono-BoldItalic.otf */ = {isa = PBXFileReference; lastKnownFileType = file; path = "SFMono-BoldItalic.otf"; sourceTree = "<group>"; };
		80F86CA41D368E2E0094D4B3 /* SFMono-Heavy.otf */ = {isa = PBXFileReference; lastKnownFileType = file; path = "SFMono-Heavy.otf"; sourceTree = "<group>"; };
		80F86CA51D368E2E0094D4B3 /* SFMono-HeavyItalic.otf */ = {isa = PBXFileReference; lastKnownFileType = file; path = "SFMono-HeavyItalic.otf"; sourceTree = "<group>"; };
		80F86CA61D368E2E0094D4B3 /* SFMono-Light.otf */ = {isa = PBXFileReference; lastKnownFileType = file; path = "SFMono-Light.otf"; sourceTree = "<group>"; };
		80F86CA71D368E2E0094D4B3 /* SFMono-LightItalic.otf */ = {isa = PBXFileReference; lastKnownFileType = file; path = "SFMono-LightItalic.otf"; sourceTree = "<group>"; };
		80F86CA81D368E2E0094D4B3 /* SFMono-Medium.otf */ = {isa = PBXFileReference; lastKnownFileType = file; path = "SFMono-Medium.otf"; sourceTree = "<group>"; };
		80F86CA91D368E2E0094D4B3 /* SFMono-MediumItalic.otf */ = {isa = PBXFileReference; lastKnownFileType = file; path = "SFMono-MediumItalic.otf"; sourceTree = "<group>"; };
		80F86CAA1D368E2E0094D4B3 /* SFMono-Regular.otf */ = {isa = PBXFileReference; lastKnownFileType = file; path = "SFMono-Regular.otf"; sourceTree = "<group>"; };
		80F86CAB1D368E2E0094D4B3 /* SFMono-RegularItalic.otf */ = {isa = PBXFileReference; lastKnownFileType = file; path = "SFMono-RegularItalic.otf"; sourceTree = "<group>"; };
		80F86CAC1D368E2E0094D4B3 /* SFMono-Semibold.otf */ = {isa = PBXFileReference; lastKnownFileType = file; path = "SFMono-Semibold.otf"; sourceTree = "<group>"; };
		80F86CAD1D368E2E0094D4B3 /* SFMono-SemiboldItalic.otf */ = {isa = PBXFileReference; lastKnownFileType = file; path = "SFMono-SemiboldItalic.otf"; sourceTree = "<group>"; };
/* End PBXFileReference section */

/* Begin PBXFrameworksBuildPhase section */
		80796D311D35C0FA00A728B3 /* Frameworks */ = {
			isa = PBXFrameworksBuildPhase;
			buildActionMask = 2147483647;
			files = (
			);
			runOnlyForDeploymentPostprocessing = 0;
		};
/* End PBXFrameworksBuildPhase section */

/* Begin PBXGroup section */
		80796CF61D35C01800A728B3 = {
			isa = PBXGroup;
			children = (
				80796D651D35C18000A728B3 /* Common */,
				80796D351D35C0FA00A728B3 /* Script-iOS */,
				80796D001D35C01A00A728B3 /* Products */,
			);
			sourceTree = "<group>";
		};
		80796D001D35C01A00A728B3 /* Products */ = {
			isa = PBXGroup;
			children = (
				80796D341D35C0FA00A728B3 /* Script.app */,
			);
			name = Products;
			sourceTree = "<group>";
		};
		80796D351D35C0FA00A728B3 /* Script-iOS */ = {
			isa = PBXGroup;
			children = (
				80796D361D35C0FA00A728B3 /* AppDelegate.swift */,
				80796D381D35C0FA00A728B3 /* ViewController.swift */,
				80DAE1E12173F5580008A12F /* BuiltInFunctions.swift */,
				80796D3A1D35C0FA00A728B3 /* Main.storyboard */,
				80796D3D1D35C0FA00A728B3 /* Assets.xcassets */,
				80796D3F1D35C0FA00A728B3 /* LaunchScreen.storyboard */,
				80796D421D35C0FA00A728B3 /* Info.plist */,
			);
			path = "Script-iOS";
			sourceTree = "<group>";
		};
		80796D651D35C18000A728B3 /* Common */ = {
			isa = PBXGroup;
			children = (
				80796D621D35C17A00A728B3 /* jsEval.swift */,
				80CD6E6E215C519B00AEF615 /* LISP.swift */,
				80F86CA21D368E2E0094D4B3 /* SFMono-Bold.otf */,
				80F86CA31D368E2E0094D4B3 /* SFMono-BoldItalic.otf */,
				80F86CA41D368E2E0094D4B3 /* SFMono-Heavy.otf */,
				80F86CA51D368E2E0094D4B3 /* SFMono-HeavyItalic.otf */,
				80F86CA61D368E2E0094D4B3 /* SFMono-Light.otf */,
				80F86CA71D368E2E0094D4B3 /* SFMono-LightItalic.otf */,
				80F86CA81D368E2E0094D4B3 /* SFMono-Medium.otf */,
				80F86CA91D368E2E0094D4B3 /* SFMono-MediumItalic.otf */,
				80F86CAA1D368E2E0094D4B3 /* SFMono-Regular.otf */,
				80F86CAB1D368E2E0094D4B3 /* SFMono-RegularItalic.otf */,
				80F86CAC1D368E2E0094D4B3 /* SFMono-Semibold.otf */,
				80F86CAD1D368E2E0094D4B3 /* SFMono-SemiboldItalic.otf */,
			);
			name = Common;
			sourceTree = "<group>";
		};
/* End PBXGroup section */

/* Begin PBXNativeTarget section */
		80796D331D35C0FA00A728B3 /* Script-iOS */ = {
			isa = PBXNativeTarget;
			buildConfigurationList = 80796D591D35C0FB00A728B3 /* Build configuration list for PBXNativeTarget "Script-iOS" */;
			buildPhases = (
				80796D301D35C0FA00A728B3 /* Sources */,
				80796D311D35C0FA00A728B3 /* Frameworks */,
				80796D321D35C0FA00A728B3 /* Resources */,
			);
			buildRules = (
			);
			dependencies = (
			);
			name = "Script-iOS";
			productName = "Script-iOS";
			productReference = 80796D341D35C0FA00A728B3 /* Script.app */;
			productType = "com.apple.product-type.application";
		};
/* End PBXNativeTarget section */

/* Begin PBXProject section */
		80796CF71D35C01800A728B3 /* Project object */ = {
			isa = PBXProject;
			attributes = {
				BuildIndependentTargetsInParallel = YES;
				LastSwiftUpdateCheck = 0800;
				LastUpgradeCheck = 1500;
				ORGANIZATIONNAME = "Izumu Mishima";
				TargetAttributes = {
					80796D331D35C0FA00A728B3 = {
						CreatedOnToolsVersion = 8.0;
						DevelopmentTeamName = "Hisako Mishima";
						LastSwiftMigration = 1110;
						ProvisioningStyle = Automatic;
					};
				};
			};
			buildConfigurationList = 80796CFA1D35C01800A728B3 /* Build configuration list for PBXProject "Script" */;
			compatibilityVersion = "Xcode 3.2";
			developmentRegion = en;
			hasScannedForEncodings = 0;
			knownRegions = (
				en,
				Base,
			);
			mainGroup = 80796CF61D35C01800A728B3;
			productRefGroup = 80796D001D35C01A00A728B3 /* Products */;
			projectDirPath = "";
			projectRoot = "";
			targets = (
				80796D331D35C0FA00A728B3 /* Script-iOS */,
			);
		};
/* End PBXProject section */

/* Begin PBXResourcesBuildPhase section */
		80796D321D35C0FA00A728B3 /* Resources */ = {
			isa = PBXResourcesBuildPhase;
			buildActionMask = 2147483647;
			files = (
				80796D411D35C0FA00A728B3 /* LaunchScreen.storyboard in Resources */,
				80F86CC51D368E2E0094D4B3 /* SFMono-SemiboldItalic.otf in Resources */,
				80F86CBD1D368E2E0094D4B3 /* SFMono-MediumItalic.otf in Resources */,
				80796D3E1D35C0FA00A728B3 /* Assets.xcassets in Resources */,
				80F86CC11D368E2E0094D4B3 /* SFMono-RegularItalic.otf in Resources */,
				80F86CB51D368E2E0094D4B3 /* SFMono-HeavyItalic.otf in Resources */,
				80F86CB11D368E2E0094D4B3 /* SFMono-BoldItalic.otf in Resources */,
				80F86CB31D368E2E0094D4B3 /* SFMono-Heavy.otf in Resources */,
				80F86CBF1D368E2E0094D4B3 /* SFMono-Regular.otf in Resources */,
				80F86CAF1D368E2E0094D4B3 /* SFMono-Bold.otf in Resources */,
				80F86CB71D368E2E0094D4B3 /* SFMono-Light.otf in Resources */,
				80F86CB91D368E2E0094D4B3 /* SFMono-LightItalic.otf in Resources */,
				80F86CBB1D368E2E0094D4B3 /* SFMono-Medium.otf in Resources */,
				80F86CC31D368E2E0094D4B3 /* SFMono-Semibold.otf in Resources */,
				80796D3C1D35C0FA00A728B3 /* Main.storyboard in Resources */,
			);
			runOnlyForDeploymentPostprocessing = 0;
		};
/* End PBXResourcesBuildPhase section */

/* Begin PBXSourcesBuildPhase section */
		80796D301D35C0FA00A728B3 /* Sources */ = {
			isa = PBXSourcesBuildPhase;
			buildActionMask = 2147483647;
			files = (
				80796D391D35C0FA00A728B3 /* ViewController.swift in Sources */,
				80CD6E6F215C519B00AEF615 /* LISP.swift in Sources */,
				80796D371D35C0FA00A728B3 /* AppDelegate.swift in Sources */,
				80DAE1E22173F5580008A12F /* BuiltInFunctions.swift in Sources */,
				80796D641D35C17A00A728B3 /* jsEval.swift in Sources */,
			);
			runOnlyForDeploymentPostprocessing = 0;
		};
/* End PBXSourcesBuildPhase section */

/* Begin PBXVariantGroup section */
		80796D3A1D35C0FA00A728B3 /* Main.storyboard */ = {
			isa = PBXVariantGroup;
			children = (
				80796D3B1D35C0FA00A728B3 /* Base */,
			);
			name = Main.storyboard;
			sourceTree = "<group>";
		};
		80796D3F1D35C0FA00A728B3 /* LaunchScreen.storyboard */ = {
			isa = PBXVariantGroup;
			children = (
				80796D401D35C0FA00A728B3 /* Base */,
			);
			name = LaunchScreen.storyboard;
			sourceTree = "<group>";
		};
/* End PBXVariantGroup section */

/* Begin XCBuildConfiguration section */
		80796D251D35C01B00A728B3 /* Debug */ = {
			isa = XCBuildConfiguration;
			buildSettings = {
				ALWAYS_SEARCH_USER_PATHS = NO;
				ASSETCATALOG_COMPILER_GENERATE_SWIFT_ASSET_SYMBOL_EXTENSIONS = YES;
				CLANG_ANALYZER_LOCALIZABILITY_NONLOCALIZED = YES;
				CLANG_ANALYZER_NONNULL = YES;
				CLANG_CXX_LANGUAGE_STANDARD = "gnu++0x";
				CLANG_CXX_LIBRARY = "libc++";
				CLANG_ENABLE_MODULES = YES;
				CLANG_ENABLE_OBJC_ARC = YES;
				CLANG_WARN_BLOCK_CAPTURE_AUTORELEASING = YES;
				CLANG_WARN_BOOL_CONVERSION = YES;
				CLANG_WARN_COMMA = YES;
				CLANG_WARN_CONSTANT_CONVERSION = YES;
				CLANG_WARN_DEPRECATED_OBJC_IMPLEMENTATIONS = YES;
				CLANG_WARN_DIRECT_OBJC_ISA_USAGE = YES_ERROR;
				CLANG_WARN_DOCUMENTATION_COMMENTS = YES;
				CLANG_WARN_EMPTY_BODY = YES;
				CLANG_WARN_ENUM_CONVERSION = YES;
				CLANG_WARN_INFINITE_RECURSION = YES;
				CLANG_WARN_INT_CONVERSION = YES;
				CLANG_WARN_NON_LITERAL_NULL_CONVERSION = YES;
				CLANG_WARN_OBJC_IMPLICIT_RETAIN_SELF = YES;
				CLANG_WARN_OBJC_LITERAL_CONVERSION = YES;
				CLANG_WARN_OBJC_ROOT_CLASS = YES_ERROR;
				CLANG_WARN_QUOTED_INCLUDE_IN_FRAMEWORK_HEADER = YES;
				CLANG_WARN_RANGE_LOOP_ANALYSIS = YES;
				CLANG_WARN_STRICT_PROTOTYPES = YES;
				CLANG_WARN_SUSPICIOUS_MOVE = YES;
				CLANG_WARN_UNREACHABLE_CODE = YES;
				CLANG_WARN__DUPLICATE_METHOD_MATCH = YES;
				CODE_SIGN_IDENTITY = "-";
				COPY_PHASE_STRIP = NO;
				DEAD_CODE_STRIPPING = YES;
				DEBUG_INFORMATION_FORMAT = dwarf;
				ENABLE_STRICT_OBJC_MSGSEND = YES;
				ENABLE_TESTABILITY = YES;
				ENABLE_USER_SCRIPT_SANDBOXING = YES;
				GCC_C_LANGUAGE_STANDARD = gnu99;
				GCC_DYNAMIC_NO_PIC = NO;
				GCC_NO_COMMON_BLOCKS = YES;
				GCC_OPTIMIZATION_LEVEL = 0;
				GCC_PREPROCESSOR_DEFINITIONS = (
					"DEBUG=1",
					"$(inherited)",
				);
				GCC_WARN_64_TO_32_BIT_CONVERSION = YES;
				GCC_WARN_ABOUT_RETURN_TYPE = YES_ERROR;
				GCC_WARN_UNDECLARED_SELECTOR = YES;
				GCC_WARN_UNINITIALIZED_AUTOS = YES_AGGRESSIVE;
				GCC_WARN_UNUSED_FUNCTION = YES;
				GCC_WARN_UNUSED_VARIABLE = YES;
				MACOSX_DEPLOYMENT_TARGET = 10.11;
				MTL_ENABLE_DEBUG_INFO = YES;
				ONLY_ACTIVE_ARCH = YES;
				SDKROOT = macosx;
				SWIFT_ACTIVE_COMPILATION_CONDITIONS = DEBUG;
				SWIFT_OPTIMIZATION_LEVEL = "-Onone";
			};
			name = Debug;
		};
		80796D261D35C01B00A728B3 /* Release */ = {
			isa = XCBuildConfiguration;
			buildSettings = {
				ALWAYS_SEARCH_USER_PATHS = NO;
				ASSETCATALOG_COMPILER_GENERATE_SWIFT_ASSET_SYMBOL_EXTENSIONS = YES;
				CLANG_ANALYZER_LOCALIZABILITY_NONLOCALIZED = YES;
				CLANG_ANALYZER_NONNULL = YES;
				CLANG_CXX_LANGUAGE_STANDARD = "gnu++0x";
				CLANG_CXX_LIBRARY = "libc++";
				CLANG_ENABLE_MODULES = YES;
				CLANG_ENABLE_OBJC_ARC = YES;
				CLANG_WARN_BLOCK_CAPTURE_AUTORELEASING = YES;
				CLANG_WARN_BOOL_CONVERSION = YES;
				CLANG_WARN_COMMA = YES;
				CLANG_WARN_CONSTANT_CONVERSION = YES;
				CLANG_WARN_DEPRECATED_OBJC_IMPLEMENTATIONS = YES;
				CLANG_WARN_DIRECT_OBJC_ISA_USAGE = YES_ERROR;
				CLANG_WARN_DOCUMENTATION_COMMENTS = YES;
				CLANG_WARN_EMPTY_BODY = YES;
				CLANG_WARN_ENUM_CONVERSION = YES;
				CLANG_WARN_INFINITE_RECURSION = YES;
				CLANG_WARN_INT_CONVERSION = YES;
				CLANG_WARN_NON_LITERAL_NULL_CONVERSION = YES;
				CLANG_WARN_OBJC_IMPLICIT_RETAIN_SELF = YES;
				CLANG_WARN_OBJC_LITERAL_CONVERSION = YES;
				CLANG_WARN_OBJC_ROOT_CLASS = YES_ERROR;
				CLANG_WARN_QUOTED_INCLUDE_IN_FRAMEWORK_HEADER = YES;
				CLANG_WARN_RANGE_LOOP_ANALYSIS = YES;
				CLANG_WARN_STRICT_PROTOTYPES = YES;
				CLANG_WARN_SUSPICIOUS_MOVE = YES;
				CLANG_WARN_UNREACHABLE_CODE = YES;
				CLANG_WARN__DUPLICATE_METHOD_MATCH = YES;
				CODE_SIGN_IDENTITY = "-";
				COPY_PHASE_STRIP = NO;
				DEAD_CODE_STRIPPING = YES;
				DEBUG_INFORMATION_FORMAT = "dwarf-with-dsym";
				ENABLE_NS_ASSERTIONS = NO;
				ENABLE_STRICT_OBJC_MSGSEND = YES;
				ENABLE_USER_SCRIPT_SANDBOXING = YES;
				GCC_C_LANGUAGE_STANDARD = gnu99;
				GCC_NO_COMMON_BLOCKS = YES;
				GCC_WARN_64_TO_32_BIT_CONVERSION = YES;
				GCC_WARN_ABOUT_RETURN_TYPE = YES_ERROR;
				GCC_WARN_UNDECLARED_SELECTOR = YES;
				GCC_WARN_UNINITIALIZED_AUTOS = YES_AGGRESSIVE;
				GCC_WARN_UNUSED_FUNCTION = YES;
				GCC_WARN_UNUSED_VARIABLE = YES;
				MACOSX_DEPLOYMENT_TARGET = 10.11;
				MTL_ENABLE_DEBUG_INFO = NO;
				SDKROOT = macosx;
				SWIFT_COMPILATION_MODE = wholemodule;
				SWIFT_OPTIMIZATION_LEVEL = "-O";
			};
			name = Release;
		};
		80796D5A1D35C0FB00A728B3 /* Debug */ = {
			isa = XCBuildConfiguration;
			buildSettings = {
				ASSETCATALOG_COMPILER_APPICON_NAME = AppIcon2;
				"CODE_SIGN_IDENTITY[sdk=iphoneos*]" = "iPhone Developer";
				DEVELOPMENT_TEAM = N99JYD94C7;
				INFOPLIST_FILE = "Script-iOS/Info.plist";
				IPHONEOS_DEPLOYMENT_TARGET = 12.1;
				LD_RUNPATH_SEARCH_PATHS = (
					"$(inherited)",
					"@executable_path/Frameworks",
				);
				MACOSX_DEPLOYMENT_TARGET = "$(RECOMMENDED_MACOSX_DEPLOYMENT_TARGET)";
				PRODUCT_BUNDLE_IDENTIFIER = "com.Mishima.Script-iOS";
				PRODUCT_NAME = Script;
				SDKROOT = iphoneos;
				SWIFT_SWIFT3_OBJC_INFERENCE = Off;
				SWIFT_VERSION = 5.0;
				TARGETED_DEVICE_FAMILY = "1,2";
			};
			name = Debug;
		};
		80796D5B1D35C0FB00A728B3 /* Release */ = {
			isa = XCBuildConfiguration;
			buildSettings = {
				ASSETCATALOG_COMPILER_APPICON_NAME = AppIcon2;
				"CODE_SIGN_IDENTITY[sdk=iphoneos*]" = "iPhone Developer";
				DEVELOPMENT_TEAM = N99JYD94C7;
				INFOPLIST_FILE = "Script-iOS/Info.plist";
				IPHONEOS_DEPLOYMENT_TARGET = 12.1;
				LD_RUNPATH_SEARCH_PATHS = (
					"$(inherited)",
					"@executable_path/Frameworks",
				);
				MACOSX_DEPLOYMENT_TARGET = "$(RECOMMENDED_MACOSX_DEPLOYMENT_TARGET)";
				PRODUCT_BUNDLE_IDENTIFIER = "com.Mishima.Script-iOS";
				PRODUCT_NAME = Script;
				SDKROOT = iphoneos;
				SWIFT_SWIFT3_OBJC_INFERENCE = Off;
				SWIFT_VERSION = 5.0;
				TARGETED_DEVICE_FAMILY = "1,2";
				VALIDATE_PRODUCT = YES;
			};
			name = Release;
		};
/* End XCBuildConfiguration section */

/* Begin XCConfigurationList section */
		80796CFA1D35C01800A728B3 /* Build configuration list for PBXProject "Script" */ = {
			isa = XCConfigurationList;
			buildConfigurations = (
				80796D251D35C01B00A728B3 /* Debug */,
				80796D261D35C01B00A728B3 /* Release */,
			);
			defaultConfigurationIsVisible = 0;
			defaultConfigurationName = Release;
		};
		80796D591D35C0FB00A728B3 /* Build configuration list for PBXNativeTarget "Script-iOS" */ = {
			isa = XCConfigurationList;
			buildConfigurations = (
				80796D5A1D35C0FB00A728B3 /* Debug */,
				80796D5B1D35C0FB00A728B3 /* Release */,
			);
			defaultConfigurationIsVisible = 0;
			defaultConfigurationName = Release;
		};
/* End XCConfigurationList section */
	};
	rootObject = 80796CF71D35C01800A728B3 /* Project object */;
}
